
Microsoft Visual Studio Solution File, Format Version 12.00
# Visual Studio Version 17
VisualStudioVersion = 17.13.35931.197 d17.13
MinimumVisualStudioVersion = 10.0.40219.1
Project("{FAE04EC0-301F-11D3-BF4B-00C04F79EFBC}") = "Gestion_Inventario", "Gestion_Inventario\Gestion_Inventario.csproj", "{104FDB11-27AC-496F-93A0-289439F0D712}"
EndProject
Global
	GlobalSection(SolutionConfigurationPlatforms) = preSolution
		Debug|Any CPU = Debug|Any CPU
		Release|Any CPU = Release|Any CPU
	EndGlobalSection
	GlobalSection(ProjectConfigurationPlatforms) = postSolution
		{104FDB11-27AC-496F-93A0-289439F0D712}.Debug|Any CPU.ActiveCfg = Debug|Any CPU
		{104FDB11-27AC-496F-93A0-289439F0D712}.Debug|Any CPU.Build.0 = Debug|Any CPU
		{104FDB11-27AC-496F-93A0-289439F0D712}.Release|Any CPU.ActiveCfg = Release|Any CPU
		{104FDB11-27AC-496F-93A0-289439F0D712}.Release|Any CPU.Build.0 = Release|Any CPU
	EndGlobalSection
	GlobalSection(SolutionProperties) = preSolution
		HideSolutionNode = FALSE
	EndGlobalSection
	GlobalSection(ExtensibilityGlobals) = postSolution
		SolutionGuid = {6422C565-1C1A-432D-8CEC-36CAD80DDB8F}
	EndGlobalSection
EndGlobal
